
Microsoft Visual Studio Solution File, Format Version 12.00
# Visual Studio Version 16
VisualStudioVersion = 16.0.29001.49
MinimumVisualStudioVersion = 10.0.40219.1
Project("{FAE04EC0-301F-11D3-BF4B-00C04F79EFBC}") = "FactoryMethod", "FactoryMethod\FactoryMethod.csproj", "{62076C92-3540-40A4-B57E-7847E6D0366D}"
EndProject
Project("{FAE04EC0-301F-11D3-BF4B-00C04F79EFBC}") = "AbstractFactory", "AbstractFactory\AbstractFactory.csproj", "{D17E8B3C-3806-425F-83D0-4BEA17902023}"
EndProject
Global
	GlobalSection(SolutionConfigurationPlatforms) = preSolution
		Debug|Any CPU = Debug|Any CPU
		Release|Any CPU = Release|Any CPU
	EndGlobalSection
	GlobalSection(ProjectConfigurationPlatforms) = postSolution
		{62076C92-3540-40A4-B57E-7847E6D0366D}.Debug|Any CPU.ActiveCfg = Debug|Any CPU
		{62076C92-3540-40A4-B57E-7847E6D0366D}.Debug|Any CPU.Build.0 = Debug|Any CPU
		{62076C92-3540-40A4-B57E-7847E6D0366D}.Release|Any CPU.ActiveCfg = Release|Any CPU
		{62076C92-3540-40A4-B57E-7847E6D0366D}.Release|Any CPU.Build.0 = Release|Any CPU
		{D17E8B3C-3806-425F-83D0-4BEA17902023}.Debug|Any CPU.ActiveCfg = Debug|Any CPU
		{D17E8B3C-3806-425F-83D0-4BEA17902023}.Debug|Any CPU.Build.0 = Debug|Any CPU
		{D17E8B3C-3806-425F-83D0-4BEA17902023}.Release|Any CPU.ActiveCfg = Release|Any CPU
		{D17E8B3C-3806-425F-83D0-4BEA17902023}.Release|Any CPU.Build.0 = Release|Any CPU
	EndGlobalSection
	GlobalSection(SolutionProperties) = preSolution
		HideSolutionNode = FALSE
	EndGlobalSection
	GlobalSection(ExtensibilityGlobals) = postSolution
		SolutionGuid = {0E895C1B-7DE8-48FD-A28B-F40D3CCB8BF6}
	EndGlobalSection
EndGlobal
